
Microsoft Visual Studio Solution File, Format Version 12.00
# Visual Studio 15
VisualStudioVersion = 15.0.28307.757
MinimumVisualStudioVersion = 10.0.40219.1
Project("{FAE04EC0-301F-11D3-BF4B-00C04F79EFBC}") = "WindowsFormsApp1", "WindowsFormsApp1\WindowsFormsApp1.csproj", "{B4D8BBBC-8530-457A-ABAE-F26014ABE88D}"
EndProject
Global
	GlobalSection(SolutionConfigurationPlatforms) = preSolution
		Debug|Any CPU = Debug|Any CPU
		Release|Any CPU = Release|Any CPU
	EndGlobalSection
	GlobalSection(ProjectConfigurationPlatforms) = postSolution
		{B4D8BBBC-8530-457A-ABAE-F26014ABE88D}.Debug|Any CPU.ActiveCfg = Debug|Any CPU
		{B4D8BBBC-8530-457A-ABAE-F26014ABE88D}.Debug|Any CPU.Build.0 = Debug|Any CPU
		{B4D8BBBC-8530-457A-ABAE-F26014ABE88D}.Release|Any CPU.ActiveCfg = Release|Any CPU
		{B4D8BBBC-8530-457A-ABAE-F26014ABE88D}.Release|Any CPU.Build.0 = Release|Any CPU
	EndGlobalSection
	GlobalSection(SolutionProperties) = preSolution
		HideSolutionNode = FALSE
	EndGlobalSection
	GlobalSection(ExtensibilityGlobals) = postSolution
		SolutionGuid = {83FA56B6-693E-48F6-B620-0B24687BA6BB}
	EndGlobalSection
EndGlobal
